
Microsoft Visual Studio Solution File, Format Version 12.00
Project("{FAE04EC0-301F-11D3-BF4B-00C04F79EFBC}") = "Sandwicherie", "Sandwicherie\Sandwicherie.csproj", "{0392CA22-C4C9-4941-8E91-CB15256D1445}"
EndProject
Global
	GlobalSection(SolutionConfigurationPlatforms) = preSolution
		Debug|Any CPU = Debug|Any CPU
		Release|Any CPU = Release|Any CPU
	EndGlobalSection
	GlobalSection(ProjectConfigurationPlatforms) = postSolution
		{0392CA22-C4C9-4941-8E91-CB15256D1445}.Debug|Any CPU.ActiveCfg = Debug|Any CPU
		{0392CA22-C4C9-4941-8E91-CB15256D1445}.Debug|Any CPU.Build.0 = Debug|Any CPU
		{0392CA22-C4C9-4941-8E91-CB15256D1445}.Release|Any CPU.ActiveCfg = Release|Any CPU
		{0392CA22-C4C9-4941-8E91-CB15256D1445}.Release|Any CPU.Build.0 = Release|Any CPU
	EndGlobalSection
EndGlobal
